Microsoft Visual Studio Solution File, Format Version 12.00
# Visual Studio Version 16
VisualStudioVersion = 16.0.32126.315
MinimumVisualStudioVersion = 10.0.40219.1
Project("{9A19103F-16F7-4668-BE54-9A1E7A4F7556}") = "PalindromeExercise", "PalindromeExercise\PalindromeExercise.csproj", "{1613DB97-4683-4127-A889-0969F895EA1D}"
EndProject
Project("{9A19103F-16F7-4668-BE54-9A1E7A4F7556}") = "PalindromeExerciseTests", "PalindromeExerciseTests\PalindromeExerciseTests.csproj", "{CF3661CD-692A-4BCE-8CA3-6C5A5EB26431}"
EndProject
Project("{FAE04EC0-301F-11D3-BF4B-00C04F79EFBC}") = "Palindrome.Test", "Palindrome.Test\Palindrome.Test.csproj", "{0F5C4F74-EA71-46B3-BCC5-E06F17CFF1C6}"
EndProject
Project("{FAE04EC0-301F-11D3-BF4B-00C04F79EFBC}") = "ExampleForPalindrome", "ExampleForPalindrome\ExampleForPalindrome.csproj", "{D9B8450A-B4AB-44B0-8945-B39D5F83C32D}"
EndProject
Global
	GlobalSection(SolutionConfigurationPlatforms) = preSolution
		Debug|Any CPU = Debug|Any CPU
		Release|Any CPU = Release|Any CPU
	EndGlobalSection
	GlobalSection(ProjectConfigurationPlatforms) = postSolution
		{1613DB97-4683-4127-A889-0969F895EA1D}.Debug|Any CPU.ActiveCfg = Debug|Any CPU
		{1613DB97-4683-4127-A889-0969F895EA1D}.Debug|Any CPU.Build.0 = Debug|Any CPU
		{1613DB97-4683-4127-A889-0969F895EA1D}.Release|Any CPU.ActiveCfg = Release|Any CPU
		{1613DB97-4683-4127-A889-0969F895EA1D}.Release|Any CPU.Build.0 = Release|Any CPU
		{CF3661CD-692A-4BCE-8CA3-6C5A5EB26431}.Debug|Any CPU.ActiveCfg = Debug|Any CPU
		{CF3661CD-692A-4BCE-8CA3-6C5A5EB26431}.Debug|Any CPU.Build.0 = Debug|Any CPU
		{CF3661CD-692A-4BCE-8CA3-6C5A5EB26431}.Release|Any CPU.ActiveCfg = Release|Any CPU
		{CF3661CD-692A-4BCE-8CA3-6C5A5EB26431}.Release|Any CPU.Build.0 = Release|Any CPU
		{0F5C4F74-EA71-46B3-BCC5-E06F17CFF1C6}.Debug|Any CPU.ActiveCfg = Debug|Any CPU
		{0F5C4F74-EA71-46B3-BCC5-E06F17CFF1C6}.Debug|Any CPU.Build.0 = Debug|Any CPU
		{0F5C4F74-EA71-46B3-BCC5-E06F17CFF1C6}.Release|Any CPU.ActiveCfg = Release|Any CPU
		{0F5C4F74-EA71-46B3-BCC5-E06F17CFF1C6}.Release|Any CPU.Build.0 = Release|Any CPU
		{D9B8450A-B4AB-44B0-8945-B39D5F83C32D}.Debug|Any CPU.ActiveCfg = Debug|Any CPU
		{D9B8450A-B4AB-44B0-8945-B39D5F83C32D}.Debug|Any CPU.Build.0 = Debug|Any CPU
		{D9B8450A-B4AB-44B0-8945-B39D5F83C32D}.Release|Any CPU.ActiveCfg = Release|Any CPU
		{D9B8450A-B4AB-44B0-8945-B39D5F83C32D}.Release|Any CPU.Build.0 = Release|Any CPU
	EndGlobalSection
	GlobalSection(SolutionProperties) = preSolution
		HideSolutionNode = FALSE
	EndGlobalSection
	GlobalSection(ExtensibilityGlobals) = postSolution
		SolutionGuid = {F04635A3-6192-40B3-ABDD-3CE599FBB532}
	EndGlobalSection
EndGlobal
